# This file is automatically @generated by Cargo.
# It is not intended for manual editing.
[[package]]
name = "bitflags"
version = "0.3.3"
source = "registry+https://github.com/rust-lang/crates.io-index"
checksum = "32866f4d103c4e438b1db1158aa1b1a80ee078e5d77a59a2f906fd62a577389c"

[[package]]
name = "cfg-if"
version = "0.1.10"
source = "registry+https://github.com/rust-lang/crates.io-index"
checksum = "4785bdd1c96b2a846b2bd7cc02e86b6b3dbf14e7e53446c4f54c92a361040822"

[[package]]
name = "gl"
version = "0.5.2"
source = "registry+https://github.com/rust-lang/crates.io-index"
checksum = "49ebe979cceece1723641c970e86d0ff13d083635333ac2705fcfe24b2923da8"
dependencies = [
 "gl_generator",
 "khronos_api",
]

[[package]]
name = "gl_generator"
version = "0.4.2"
source = "registry+https://github.com/rust-lang/crates.io-index"
checksum = "37905b2d6c7ade3f675d4b03cc038709c7868b938c5950f05a4a03f299b21011"
dependencies = [
 "khronos_api",
 "log 0.3.9",
 "xml-rs",
]

[[package]]
name = "khronos_api"
version = "1.0.1"
source = "registry+https://github.com/rust-lang/crates.io-index"
checksum = "d5a08e2a31d665af8f1ca437eab6d00a93c9d62a549f73f9ed8fc2e55b5a91a7"

[[package]]
name = "libc"
version = "0.2.67"
source = "registry+https://github.com/rust-lang/crates.io-index"
checksum = "eb147597cdf94ed43ab7a9038716637d2d1bf2bc571da995d0028dec06bd3018"

[[package]]
name = "log"
version = "0.3.9"
source = "registry+https://github.com/rust-lang/crates.io-index"
checksum = "e19e8d5c34a3e0e2223db8e060f9e8264aeeb5c5fc64a4ee9965c062211c024b"
dependencies = [
 "log 0.4.8",
]

[[package]]
name = "log"
version = "0.4.8"
source = "registry+https://github.com/rust-lang/crates.io-index"
checksum = "14b6052be84e6b71ab17edffc2eeabf5c2c3ae1fdb464aae35ac50c67a44e1f7"
dependencies = [
 "cfg-if",
]

[[package]]
name = "pkg-config"
version = "0.3.17"
source = "registry+https://github.com/rust-lang/crates.io-index"
checksum = "05da548ad6865900e60eaba7f589cc0783590a92e940c26953ff81ddbab2d677"

[[package]]
name = "rcomp"
version = "0.1.0"
dependencies = [
 "gl",
 "x11",
 "xcb",
]

[[package]]
name = "x11"
version = "2.18.2"
source = "registry+https://github.com/rust-lang/crates.io-index"
checksum = "77ecd092546cb16f25783a5451538e73afc8d32e242648d54f4ae5459ba1e773"
dependencies = [
 "libc",
 "pkg-config",
]

[[package]]
name = "xcb"
version = "0.9.0"
source = "registry+https://github.com/rust-lang/crates.io-index"
checksum = "62056f63138b39116f82a540c983cc11f1c90cd70b3d492a70c25eaa50bd22a6"
dependencies = [
 "libc",
 "log 0.4.8",
 "x11",
]

[[package]]
name = "xml-rs"
version = "0.2.2"
source = "registry+https://github.com/rust-lang/crates.io-index"
checksum = "0d7c34f934fa02d71d33e03f2eceecd0adfe881d9acddbbd908318e12d449ebf"
dependencies = [
 "bitflags",
]
